
Microsoft Visual Studio Solution File, Format Version 12.00
# Visual Studio Version 16
VisualStudioVersion = 16.0.30413.136
MinimumVisualStudioVersion = 10.0.40219.1
Project("{FAE04EC0-301F-11D3-BF4B-00C04F79EFBC}") = "ElpoDockerApi", "ElpoDockerApi\ElpoDockerApi.csproj", "{DF512B40-F853-459B-B575-3F956C3C403C}"
EndProject
Global
	GlobalSection(SolutionConfigurationPlatforms) = preSolution
		Debug|Any CPU = Debug|Any CPU
		Release|Any CPU = Release|Any CPU
	EndGlobalSection
	GlobalSection(ProjectConfigurationPlatforms) = postSolution
		{DF512B40-F853-459B-B575-3F956C3C403C}.Debug|Any CPU.ActiveCfg = Debug|Any CPU
		{DF512B40-F853-459B-B575-3F956C3C403C}.Debug|Any CPU.Build.0 = Debug|Any CPU
		{DF512B40-F853-459B-B575-3F956C3C403C}.Release|Any CPU.ActiveCfg = Release|Any CPU
		{DF512B40-F853-459B-B575-3F956C3C403C}.Release|Any CPU.Build.0 = Release|Any CPU
	EndGlobalSection
	GlobalSection(SolutionProperties) = preSolution
		HideSolutionNode = FALSE
	EndGlobalSection
	GlobalSection(ExtensibilityGlobals) = postSolution
		SolutionGuid = {29607AD7-E9AE-4CA5-91A9-2C51F674112F}
	EndGlobalSection
EndGlobal
